{
    "_readme": [
        "This file locks the dependencies of your project to a known state",
        "Read more about it at https://getcomposer.org/doc/01-basic-usage.md#installing-dependencies",
        "This file is @generated automatically"
    ],
    "content-hash": "247f6922d06fae827ac564d0525cfec9",
    "packages": [
        {
            "name": "mezon/functional",
            "version": "1.0.2",
            "source": {
                "type": "git",
                "url": "https://github.com/alexdodonov/mezon-functional.git",
                "reference": "3cae5c7de9beabadadf39efc806caf67d5d1fb85"
            },
            "dist": {
                "type": "zip",
                "url": "https://api.github.com/repos/alexdodonov/mezon-functional/zipball/3cae5c7de9beabadadf39efc806caf67d5d1fb85",
                "reference": "3cae5c7de9beabadadf39efc806caf67d5d1fb85",
                "shasum": ""
            },
            "require": {
                "php": ">=7.2.0"
            },
            "type": "library",
            "autoload": {
                "psr-4": {
                    "Mezon\\Functional\\": ""
                }
            },
            "notification-url": "https://packagist.org/downloads/",
            "license": [
                "MIT"
            ],
            "authors": [
                {
                    "name": "Dodonov Alexey",
                    "email": "alexey@dodonov.pro",
                    "homepage": "http://gdzone.ru",
                    "role": "Founder"
                }
            ],
            "description": "Small and fast framework for functional programming",
            "homepage": "https://github.com/alexdodonov/mezon-functional",
            "time": "2020-02-25T15:31:54+00:00"
        },
        {
            "name": "mezon/list-builder-adapter",
            "version": "1.0.0",
            "source": {
                "type": "git",
                "url": "https://github.com/alexdodonov/mezon-list-builder-adapter.git",
                "reference": "2be695faf3789b080e5813d25acf7ab0f70ba6ff"
            },
            "dist": {
                "type": "zip",
                "url": "https://api.github.com/repos/alexdodonov/mezon-list-builder-adapter/zipball/2be695faf3789b080e5813d25acf7ab0f70ba6ff",
                "reference": "2be695faf3789b080e5813d25acf7ab0f70ba6ff",
                "shasum": ""
            },
            "require": {
                "php": ">=7.2.0"
            },
            "type": "library",
            "autoload": {
                "psr-4": {
                    "Mezon\\Gui\\ListBuilder\\": ""
                }
            },
            "notification-url": "https://packagist.org/downloads/",
            "license": [
                "MIT"
            ],
            "authors": [
                {
                    "name": "Dodonov Alexey",
                    "email": "alexey@dodonov.pro",
                    "homepage": "http://gdzone.ru",
                    "role": "Founder"
                }
            ],
            "description": "List builder adapter interface",
            "homepage": "https://github.com/alexdodonov/mezon-list-builder-adapter",
            "time": "2020-02-25T19:39:44+00:00"
        },
        {
            "name": "mezon/security",
            "version": "1.0.1",
            "source": {
                "type": "git",
                "url": "https://github.com/alexdodonov/mezon-security.git",
                "reference": "b619541d0cd45ae26850a255a451e5b332e265f0"
            },
            "dist": {
                "type": "zip",
                "url": "https://api.github.com/repos/alexdodonov/mezon-security/zipball/b619541d0cd45ae26850a255a451e5b332e265f0",
                "reference": "b619541d0cd45ae26850a255a451e5b332e265f0",
                "shasum": ""
            },
            "require": {
                "php": ">=7.2.0"
            },
            "type": "library",
            "autoload": {
                "psr-4": {
                    "Mezon\\Security\\": ""
                }
            },
            "notification-url": "https://packagist.org/downloads/",
            "license": [
                "MIT"
            ],
            "authors": [
                {
                    "name": "Dodonov Alexey",
                    "email": "alexey@dodonov.pro",
                    "homepage": "http://gdzone.ru",
                    "role": "Founder"
                }
            ],
            "description": "Small security script",
            "homepage": "https://github.com/alexdodonov/mezon-security",
            "time": "2020-02-17T19:55:10+00:00"
        },
        {
            "name": "mezon/template-engine",
            "version": "1.0.5",
            "source": {
                "type": "git",
                "url": "https://github.com/alexdodonov/mezon-template-engine.git",
                "reference": "86dcf12fe4d88e4f75c1fad35640748ab57c7e19"
            },
            "dist": {
                "type": "zip",
                "url": "https://api.github.com/repos/alexdodonov/mezon-template-engine/zipball/86dcf12fe4d88e4f75c1fad35640748ab57c7e19",
                "reference": "86dcf12fe4d88e4f75c1fad35640748ab57c7e19",
                "shasum": ""
            },
            "require": {
                "mezon/functional": "^1.0",
                "php": ">=7.2.0"
            },
            "type": "library",
            "autoload": {
                "psr-4": {
                    "Mezon\\TemplateEngine\\": ""
                }
            },
            "notification-url": "https://packagist.org/downloads/",
            "license": [
                "MIT"
            ],
            "authors": [
                {
                    "name": "Dodonov Alexey",
                    "email": "alexey@dodonov.pro",
                    "homepage": "http://gdzone.ru",
                    "role": "Founder"
                }
            ],
            "description": "https://github.com/alexdodonov/mezon-template-engine",
            "homepage": "https://github.com/alexdodonov/mezon-template-engine",
            "time": "2020-02-25T21:18:55+00:00"
        }
    ],
    "packages-dev": [],
    "aliases": [],
    "minimum-stability": "dev",
    "stability-flags": [],
    "prefer-stable": true,
    "prefer-lowest": false,
    "platform": {
        "php": ">=7.2.0"
    },
    "platform-dev": []
}
